
Microsoft Visual Studio Solution File, Format Version 12.00
# Visual Studio Version 17
VisualStudioVersion = 17.13.35931.197
MinimumVisualStudioVersion = 10.0.40219.1
Project("{FAE04EC0-301F-11D3-BF4B-00C04F79EFBC}") = "SAVE_FOLDERS", "SAVE_FOLDERS.csproj", "{AA728F5D-F9F4-4CE4-B7C2-19BDF8E6AD6B}"
EndProject
Global
	GlobalSection(SolutionConfigurationPlatforms) = preSolution
		Debug|Any CPU = Debug|Any CPU
		Release|Any CPU = Release|Any CPU
	EndGlobalSection
	GlobalSection(ProjectConfigurationPlatforms) = postSolution
		{AA728F5D-F9F4-4CE4-B7C2-19BDF8E6AD6B}.Debug|Any CPU.ActiveCfg = Debug|Any CPU
		{AA728F5D-F9F4-4CE4-B7C2-19BDF8E6AD6B}.Debug|Any CPU.Build.0 = Debug|Any CPU
		{AA728F5D-F9F4-4CE4-B7C2-19BDF8E6AD6B}.Release|Any CPU.ActiveCfg = Release|Any CPU
		{AA728F5D-F9F4-4CE4-B7C2-19BDF8E6AD6B}.Release|Any CPU.Build.0 = Release|Any CPU
	EndGlobalSection
	GlobalSection(SolutionProperties) = preSolution
		HideSolutionNode = FALSE
	EndGlobalSection
	GlobalSection(ExtensibilityGlobals) = postSolution
		SolutionGuid = {2666D7F0-6B2A-4348-92FD-A3ABA8C9A6A3}
	EndGlobalSection
EndGlobal
